Microsoft Visual Studio Solution File, Format Version 12.00
# Visual Studio Version 17
VisualStudioVersion = 17.5.2.0
MinimumVisualStudioVersion = 10.0.40219.1
Project("{FAE04EC0-301F-11D3-BF4B-00C04F79EFBC}") = "CorretoraImoveis", "CorretoraImoveis.csproj", "{BDA536A0-1E5D-9BFA-8BBD-D30847A52C4B}"
EndProject
Global
	GlobalSection(SolutionConfigurationPlatforms) = preSolution
		Debug|Any CPU = Debug|Any CPU
		Release|Any CPU = Release|Any CPU
	EndGlobalSection
	GlobalSection(ProjectConfigurationPlatforms) = postSolution
		{BDA536A0-1E5D-9BFA-8BBD-D30847A52C4B}.Debug|Any CPU.ActiveCfg = Debug|Any CPU
		{BDA536A0-1E5D-9BFA-8BBD-D30847A52C4B}.Debug|Any CPU.Build.0 = Debug|Any CPU
		{BDA536A0-1E5D-9BFA-8BBD-D30847A52C4B}.Release|Any CPU.ActiveCfg = Release|Any CPU
		{BDA536A0-1E5D-9BFA-8BBD-D30847A52C4B}.Release|Any CPU.Build.0 = Release|Any CPU
	EndGlobalSection
	GlobalSection(SolutionProperties) = preSolution
		HideSolutionNode = FALSE
	EndGlobalSection
	GlobalSection(ExtensibilityGlobals) = postSolution
		SolutionGuid = {E99285C1-AA49-494E-A436-A15A31940C39}
	EndGlobalSection
EndGlobal
